{
  "name": "hybrid-custody",
  "version": "1.0.0",
  "lockfileVersion": 3,
  "requires": true,
  "packages": {
    "": {
      "name": "hybrid-custody",
      "version": "1.0.0",
      "license": "ISC",
      "dependencies": {
        "@flowtyio/flow-contracts": "^0.1.0-beta.11"
      }
    },
    "node_modules/@flowtyio/flow-contracts": {
      "version": "0.1.0-beta.11",
      "resolved": "https://registry.npmjs.org/@flowtyio/flow-contracts/-/flow-contracts-0.1.0-beta.11.tgz",
      "integrity": "sha512-4D1JHCrV6KxRgKEsfGxzVxAYrEjq51N0tlVy7gi+Ne7YhWQ+Jp7ha+QwPxuLIYkjMZjMzoM/dD6WedZQERgFSg==",
      "dependencies": {
        "commander": "^11.0.0"
      },
      "bin": {
        "flow-contracts": "index.js"
      }
    },
    "node_modules/commander": {
      "version": "11.1.0",
      "resolved": "https://registry.npmjs.org/commander/-/commander-11.1.0.tgz",
      "integrity": "sha512-yPVavfyCcRhmorC7rWlkHn15b4wDVgVmBA7kV4QVBsF7kv/9TKJAbAXVTxvTnwP8HHKjRCJDClKbciiYS7p0DQ==",
      "engines": {
        "node": ">=16"
      }
    }
  }
}
